
Microsoft Visual Studio Solution File, Format Version 12.00
# Visual Studio Version 16
VisualStudioVersion = 16.0.29609.76
MinimumVisualStudioVersion = 10.0.40219.1
Project("{8BC9CEB8-8B4A-11D0-8D11-00A0C91BC942}") = "primeNumber", "primeNumber\primeNumber.vcxproj", "{BCD6F06D-92B2-45AC-A826-96ECF1E77670}"
EndProject
Global
	GlobalSection(SolutionConfigurationPlatforms) = preSolution
		Debug|x64 = Debug|x64
		Debug|x86 = Debug|x86
		Release|x64 = Release|x64
		Release|x86 = Release|x86
	EndGlobalSection
	GlobalSection(ProjectConfigurationPlatforms) = postSolution
		{BCD6F06D-92B2-45AC-A826-96ECF1E77670}.Debug|x64.ActiveCfg = Debug|x64
		{BCD6F06D-92B2-45AC-A826-96ECF1E77670}.Debug|x64.Build.0 = Debug|x64
		{BCD6F06D-92B2-45AC-A826-96ECF1E77670}.Debug|x86.ActiveCfg = Debug|Win32
		{BCD6F06D-92B2-45AC-A826-96ECF1E77670}.Debug|x86.Build.0 = Debug|Win32
		{BCD6F06D-92B2-45AC-A826-96ECF1E77670}.Release|x64.ActiveCfg = Release|x64
		{BCD6F06D-92B2-45AC-A826-96ECF1E77670}.Release|x64.Build.0 = Release|x64
		{BCD6F06D-92B2-45AC-A826-96ECF1E77670}.Release|x86.ActiveCfg = Release|Win32
		{BCD6F06D-92B2-45AC-A826-96ECF1E77670}.Release|x86.Build.0 = Release|Win32
	EndGlobalSection
	GlobalSection(SolutionProperties) = preSolution
		HideSolutionNode = FALSE
	EndGlobalSection
	GlobalSection(ExtensibilityGlobals) = postSolution
		SolutionGuid = {BA5B2CF1-628E-4809-8508-8E09604B6EDB}
	EndGlobalSection
EndGlobal
